
Microsoft Visual Studio Solution File, Format Version 12.00
# Visual Studio 15
VisualStudioVersion = 15.0.28307.329
MinimumVisualStudioVersion = 10.0.40219.1
Project("{FAE04EC0-301F-11D3-BF4B-00C04F79EFBC}") = "CachingSystem", "CachingSystem\CachingSystem.csproj", "{13C08E20-BBC4-46BE-9BD7-9C8F5568F36E}"
EndProject
Project("{FAE04EC0-301F-11D3-BF4B-00C04F79EFBC}") = "CachingSystem.Tests", "CachingSystem.Tests\CachingSystem.Tests.csproj", "{2E2FBB70-496A-4374-A2D9-38BE3C524055}"
EndProject
Global
	GlobalSection(SolutionConfigurationPlatforms) = preSolution
		Debug|Any CPU = Debug|Any CPU
		Release|Any CPU = Release|Any CPU
	EndGlobalSection
	GlobalSection(ProjectConfigurationPlatforms) = postSolution
		{13C08E20-BBC4-46BE-9BD7-9C8F5568F36E}.Debug|Any CPU.ActiveCfg = Debug|Any CPU
		{13C08E20-BBC4-46BE-9BD7-9C8F5568F36E}.Debug|Any CPU.Build.0 = Debug|Any CPU
		{13C08E20-BBC4-46BE-9BD7-9C8F5568F36E}.Release|Any CPU.ActiveCfg = Release|Any CPU
		{13C08E20-BBC4-46BE-9BD7-9C8F5568F36E}.Release|Any CPU.Build.0 = Release|Any CPU
		{2E2FBB70-496A-4374-A2D9-38BE3C524055}.Debug|Any CPU.ActiveCfg = Debug|Any CPU
		{2E2FBB70-496A-4374-A2D9-38BE3C524055}.Debug|Any CPU.Build.0 = Debug|Any CPU
		{2E2FBB70-496A-4374-A2D9-38BE3C524055}.Release|Any CPU.ActiveCfg = Release|Any CPU
		{2E2FBB70-496A-4374-A2D9-38BE3C524055}.Release|Any CPU.Build.0 = Release|Any CPU
	EndGlobalSection
	GlobalSection(SolutionProperties) = preSolution
		HideSolutionNode = FALSE
	EndGlobalSection
	GlobalSection(ExtensibilityGlobals) = postSolution
		SolutionGuid = {26A7C9B4-BD87-48B1-90DB-C3B1790CBC41}
	EndGlobalSection
EndGlobal
